
Microsoft Visual Studio Solution File, Format Version 12.00
# Visual Studio Version 17
VisualStudioVersion = 17.8.34316.72
MinimumVisualStudioVersion = 10.0.40219.1
Project("{2150E333-8FDC-42A3-9474-1A3956D46DE8}") = "Services", "Services", "{F8885763-7FC9-4DF3-806C-01095C717B22}"
EndProject
Project("{2150E333-8FDC-42A3-9474-1A3956D46DE8}") = "Catalog", "Catalog", "{20AFB73A-9D21-4260-99B0-32E81DFFDABF}"
EndProject
Project("{2150E333-8FDC-42A3-9474-1A3956D46DE8}") = "BuildingBlocks", "BuildingBlocks", "{2231D74E-EED0-48A5-8355-5DF47D1F31E3}"
EndProject
Project("{2150E333-8FDC-42A3-9474-1A3956D46DE8}") = "Basket", "Basket", "{70A887DB-74E9-4FCB-A4AA-C7D20BDC7023}"
EndProject
Project("{9A19103F-16F7-4668-BE54-9A1E7A4F7556}") = "Basket.API", "Services\Basket\Basket.API\Basket.API.csproj", "{68494C42-9C93-4A88-8EE0-650BE78D1149}"
EndProject
Project("{9A19103F-16F7-4668-BE54-9A1E7A4F7556}") = "Catalog.API", "Services\Catalog\Catalog.API\Catalog.API.csproj", "{DD05FBF6-B30A-49EC-B93D-0212989596F1}"
EndProject
Project("{9A19103F-16F7-4668-BE54-9A1E7A4F7556}") = "BuildingBlocks", "BuildingBlocks\BuildingBlocks\BuildingBlocks.csproj", "{5090AF3E-2679-401E-BBD7-563D08CBC7A1}"
EndProject
Project("{E53339B2-1760-4266-BCC7-CA923CBCF16C}") = "docker-compose", "docker-compose.dcproj", "{F0377998-5B4E-4BA6-B5E1-0E4E173FC330}"
EndProject
Global
	GlobalSection(SolutionConfigurationPlatforms) = preSolution
		Debug|Any CPU = Debug|Any CPU
		Release|Any CPU = Release|Any CPU
	EndGlobalSection
	GlobalSection(ProjectConfigurationPlatforms) = postSolution
		{68494C42-9C93-4A88-8EE0-650BE78D1149}.Debug|Any CPU.ActiveCfg = Debug|Any CPU
		{68494C42-9C93-4A88-8EE0-650BE78D1149}.Debug|Any CPU.Build.0 = Debug|Any CPU
		{68494C42-9C93-4A88-8EE0-650BE78D1149}.Release|Any CPU.ActiveCfg = Release|Any CPU
		{68494C42-9C93-4A88-8EE0-650BE78D1149}.Release|Any CPU.Build.0 = Release|Any CPU
		{DD05FBF6-B30A-49EC-B93D-0212989596F1}.Debug|Any CPU.ActiveCfg = Debug|Any CPU
		{DD05FBF6-B30A-49EC-B93D-0212989596F1}.Debug|Any CPU.Build.0 = Debug|Any CPU
		{DD05FBF6-B30A-49EC-B93D-0212989596F1}.Release|Any CPU.ActiveCfg = Release|Any CPU
		{DD05FBF6-B30A-49EC-B93D-0212989596F1}.Release|Any CPU.Build.0 = Release|Any CPU
		{5090AF3E-2679-401E-BBD7-563D08CBC7A1}.Debug|Any CPU.ActiveCfg = Debug|Any CPU
		{5090AF3E-2679-401E-BBD7-563D08CBC7A1}.Debug|Any CPU.Build.0 = Debug|Any CPU
		{5090AF3E-2679-401E-BBD7-563D08CBC7A1}.Release|Any CPU.ActiveCfg = Release|Any CPU
		{5090AF3E-2679-401E-BBD7-563D08CBC7A1}.Release|Any CPU.Build.0 = Release|Any CPU
		{F0377998-5B4E-4BA6-B5E1-0E4E173FC330}.Debug|Any CPU.ActiveCfg = Debug|Any CPU
		{F0377998-5B4E-4BA6-B5E1-0E4E173FC330}.Debug|Any CPU.Build.0 = Debug|Any CPU
		{F0377998-5B4E-4BA6-B5E1-0E4E173FC330}.Release|Any CPU.ActiveCfg = Release|Any CPU
		{F0377998-5B4E-4BA6-B5E1-0E4E173FC330}.Release|Any CPU.Build.0 = Release|Any CPU
	EndGlobalSection
	GlobalSection(SolutionProperties) = preSolution
		HideSolutionNode = FALSE
	EndGlobalSection
	GlobalSection(NestedProjects) = preSolution
		{20AFB73A-9D21-4260-99B0-32E81DFFDABF} = {F8885763-7FC9-4DF3-806C-01095C717B22}
		{70A887DB-74E9-4FCB-A4AA-C7D20BDC7023} = {F8885763-7FC9-4DF3-806C-01095C717B22}
		{68494C42-9C93-4A88-8EE0-650BE78D1149} = {70A887DB-74E9-4FCB-A4AA-C7D20BDC7023}
		{DD05FBF6-B30A-49EC-B93D-0212989596F1} = {20AFB73A-9D21-4260-99B0-32E81DFFDABF}
		{5090AF3E-2679-401E-BBD7-563D08CBC7A1} = {2231D74E-EED0-48A5-8355-5DF47D1F31E3}
	EndGlobalSection
	GlobalSection(ExtensibilityGlobals) = postSolution
		SolutionGuid = {375F62D8-3D50-4539-9848-4434C77F2EF3}
	EndGlobalSection
EndGlobal
