
Microsoft Visual Studio Solution File, Format Version 12.00
# Visual Studio Version 17
VisualStudioVersion = 17.8.34316.72
MinimumVisualStudioVersion = 10.0.40219.1
Project("{2150E333-8FDC-42A3-9474-1A3956D46DE8}") = "Services", "Services", "{F8885763-7FC9-4DF3-806C-01095C717B22}"
EndProject
Project("{2150E333-8FDC-42A3-9474-1A3956D46DE8}") = "Catalog", "Catalog", "{20AFB73A-9D21-4260-99B0-32E81DFFDABF}"
EndProject
Project("{9A19103F-16F7-4668-BE54-9A1E7A4F7556}") = "Catalog.API", "Catalog.API\Catalog.API.csproj", "{A7F18944-C209-4810-9489-EB4CF7D1D756}"
EndProject
Project("{2150E333-8FDC-42A3-9474-1A3956D46DE8}") = "BuildingBlocks", "BuildingBlocks", "{2231D74E-EED0-48A5-8355-5DF47D1F31E3}"
EndProject
Project("{FAE04EC0-301F-11D3-BF4B-00C04F79EFBC}") = "BuildingBlocks", "BuildingBlocks\BuildingBlocks\BuildingBlocks.csproj", "{5798F6FC-C932-4D3F-A122-C99D3C67F117}"
EndProject
Project("{E53339B2-1760-4266-BCC7-CA923CBCF16C}") = "docker-compose", "docker-compose.dcproj", "{4D59ACCE-B33D-42E9-BF0D-DAE7EC6EF2FF}"
EndProject
Global
	GlobalSection(SolutionConfigurationPlatforms) = preSolution
		Debug|Any CPU = Debug|Any CPU
		Release|Any CPU = Release|Any CPU
	EndGlobalSection
	GlobalSection(ProjectConfigurationPlatforms) = postSolution
		{A7F18944-C209-4810-9489-EB4CF7D1D756}.Debug|Any CPU.ActiveCfg = Debug|Any CPU
		{A7F18944-C209-4810-9489-EB4CF7D1D756}.Debug|Any CPU.Build.0 = Debug|Any CPU
		{A7F18944-C209-4810-9489-EB4CF7D1D756}.Release|Any CPU.ActiveCfg = Release|Any CPU
		{A7F18944-C209-4810-9489-EB4CF7D1D756}.Release|Any CPU.Build.0 = Release|Any CPU
		{5798F6FC-C932-4D3F-A122-C99D3C67F117}.Debug|Any CPU.ActiveCfg = Debug|Any CPU
		{5798F6FC-C932-4D3F-A122-C99D3C67F117}.Debug|Any CPU.Build.0 = Debug|Any CPU
		{5798F6FC-C932-4D3F-A122-C99D3C67F117}.Release|Any CPU.ActiveCfg = Release|Any CPU
		{5798F6FC-C932-4D3F-A122-C99D3C67F117}.Release|Any CPU.Build.0 = Release|Any CPU
		{4D59ACCE-B33D-42E9-BF0D-DAE7EC6EF2FF}.Debug|Any CPU.ActiveCfg = Debug|Any CPU
		{4D59ACCE-B33D-42E9-BF0D-DAE7EC6EF2FF}.Debug|Any CPU.Build.0 = Debug|Any CPU
		{4D59ACCE-B33D-42E9-BF0D-DAE7EC6EF2FF}.Release|Any CPU.ActiveCfg = Release|Any CPU
		{4D59ACCE-B33D-42E9-BF0D-DAE7EC6EF2FF}.Release|Any CPU.Build.0 = Release|Any CPU
	EndGlobalSection
	GlobalSection(SolutionProperties) = preSolution
		HideSolutionNode = FALSE
	EndGlobalSection
	GlobalSection(NestedProjects) = preSolution
		{20AFB73A-9D21-4260-99B0-32E81DFFDABF} = {F8885763-7FC9-4DF3-806C-01095C717B22}
		{A7F18944-C209-4810-9489-EB4CF7D1D756} = {20AFB73A-9D21-4260-99B0-32E81DFFDABF}
		{5798F6FC-C932-4D3F-A122-C99D3C67F117} = {2231D74E-EED0-48A5-8355-5DF47D1F31E3}
	EndGlobalSection
	GlobalSection(ExtensibilityGlobals) = postSolution
		SolutionGuid = {375F62D8-3D50-4539-9848-4434C77F2EF3}
	EndGlobalSection
EndGlobal
