
Microsoft Visual Studio Solution File, Format Version 12.00
# Visual Studio Version 17
VisualStudioVersion = 17.8.34316.72
MinimumVisualStudioVersion = 10.0.40219.1
Project("{2150E333-8FDC-42A3-9474-1A3956D46DE8}") = "Services", "Services", "{F8885763-7FC9-4DF3-806C-01095C717B22}"
EndProject
Project("{2150E333-8FDC-42A3-9474-1A3956D46DE8}") = "Catalog", "Catalog", "{20AFB73A-9D21-4260-99B0-32E81DFFDABF}"
EndProject
Project("{2150E333-8FDC-42A3-9474-1A3956D46DE8}") = "BuildingBlocks", "BuildingBlocks", "{2231D74E-EED0-48A5-8355-5DF47D1F31E3}"
EndProject
Project("{2150E333-8FDC-42A3-9474-1A3956D46DE8}") = "Basket", "Basket", "{70A887DB-74E9-4FCB-A4AA-C7D20BDC7023}"
EndProject
Project("{9A19103F-16F7-4668-BE54-9A1E7A4F7556}") = "Basket.API", "Services\Basket\Basket.API\Basket.API.csproj", "{68494C42-9C93-4A88-8EE0-650BE78D1149}"
EndProject
Project("{9A19103F-16F7-4668-BE54-9A1E7A4F7556}") = "Catalog.API", "Services\Catalog\Catalog.API\Catalog.API.csproj", "{DD05FBF6-B30A-49EC-B93D-0212989596F1}"
EndProject
Project("{9A19103F-16F7-4668-BE54-9A1E7A4F7556}") = "BuildingBlocks", "BuildingBlocks\BuildingBlocks\BuildingBlocks.csproj", "{5090AF3E-2679-401E-BBD7-563D08CBC7A1}"
EndProject
Project("{E53339B2-1760-4266-BCC7-CA923CBCF16C}") = "docker-compose", "docker-compose.dcproj", "{F0377998-5B4E-4BA6-B5E1-0E4E173FC330}"
EndProject
Project("{2150E333-8FDC-42A3-9474-1A3956D46DE8}") = "Discount", "Discount", "{E4D9A0B9-ED35-4E07-B0AE-D413309D9020}"
EndProject
Project("{9A19103F-16F7-4668-BE54-9A1E7A4F7556}") = "Discount.Grpc", "Services\Discount\Discount.Grpc\Discount.Grpc.csproj", "{CEDF3E07-7AD7-4B98-B99D-92704CE7908D}"
EndProject
Project("{2150E333-8FDC-42A3-9474-1A3956D46DE8}") = "Ordering", "Ordering", "{616D92D1-AB0A-4DA8-9D76-1EDC721CF118}"
EndProject
Project("{9A19103F-16F7-4668-BE54-9A1E7A4F7556}") = "Ordering.API", "Services\Ordering\Ordering.API\Ordering.API.csproj", "{EAC275B7-4BC9-4585-9ABD-5AEA178B7D11}"
EndProject
Project("{9A19103F-16F7-4668-BE54-9A1E7A4F7556}") = "Ordering.Domain", "Services\Ordering\Ordering.Domain\Ordering.Domain.csproj", "{752C38F7-20F4-4133-B253-CCD59F6CBBC0}"
EndProject
Project("{9A19103F-16F7-4668-BE54-9A1E7A4F7556}") = "Ordering.Application", "Services\Ordering\Ordering.Application\Ordering.Application.csproj", "{9E3EA366-B21C-48F6-973B-0394D39803C5}"
EndProject
Project("{9A19103F-16F7-4668-BE54-9A1E7A4F7556}") = "Ordering.Infrastructure", "Services\Ordering\Ordering.Infrastructure\Ordering.Infrastructure.csproj", "{81344127-9192-4CC3-AE36-4B523DC399F2}"
EndProject
Project("{9A19103F-16F7-4668-BE54-9A1E7A4F7556}") = "BuildingBlocks.Messaging", "BuildingBlocks\BuildingBlocks.Messaging\BuildingBlocks.Messaging.csproj", "{E29ADB13-0946-41A3-8B12-E40CB65D7146}"
EndProject
Project("{2150E333-8FDC-42A3-9474-1A3956D46DE8}") = "ApiGateways", "ApiGateways", "{40C8B6A8-32B3-4D32-91D0-0C3732A16ACE}"
EndProject
Project("{9A19103F-16F7-4668-BE54-9A1E7A4F7556}") = "YarpApiGateway", "ApiGateways\YarpApiGateway\YarpApiGateway.csproj", "{A51219BC-D021-4769-BA61-66667D3CF52B}"
EndProject
Project("{2150E333-8FDC-42A3-9474-1A3956D46DE8}") = "WebApps", "WebApps", "{71AB3B6D-A5EC-457F-B500-841F5649A12C}"
EndProject
Project("{9A19103F-16F7-4668-BE54-9A1E7A4F7556}") = "Ebazaar.Web", "WebApps\Ebazaar.Web\Ebazaar.Web.csproj", "{F8AC74E6-4AC1-4DA1-BA9F-B4D09945B7D4}"
EndProject
Global
	GlobalSection(SolutionConfigurationPlatforms) = preSolution
		Debug|Any CPU = Debug|Any CPU
		Release|Any CPU = Release|Any CPU
	EndGlobalSection
	GlobalSection(ProjectConfigurationPlatforms) = postSolution
		{68494C42-9C93-4A88-8EE0-650BE78D1149}.Debug|Any CPU.ActiveCfg = Debug|Any CPU
		{68494C42-9C93-4A88-8EE0-650BE78D1149}.Debug|Any CPU.Build.0 = Debug|Any CPU
		{68494C42-9C93-4A88-8EE0-650BE78D1149}.Release|Any CPU.ActiveCfg = Release|Any CPU
		{68494C42-9C93-4A88-8EE0-650BE78D1149}.Release|Any CPU.Build.0 = Release|Any CPU
		{DD05FBF6-B30A-49EC-B93D-0212989596F1}.Debug|Any CPU.ActiveCfg = Debug|Any CPU
		{DD05FBF6-B30A-49EC-B93D-0212989596F1}.Debug|Any CPU.Build.0 = Debug|Any CPU
		{DD05FBF6-B30A-49EC-B93D-0212989596F1}.Release|Any CPU.ActiveCfg = Release|Any CPU
		{DD05FBF6-B30A-49EC-B93D-0212989596F1}.Release|Any CPU.Build.0 = Release|Any CPU
		{5090AF3E-2679-401E-BBD7-563D08CBC7A1}.Debug|Any CPU.ActiveCfg = Debug|Any CPU
		{5090AF3E-2679-401E-BBD7-563D08CBC7A1}.Debug|Any CPU.Build.0 = Debug|Any CPU
		{5090AF3E-2679-401E-BBD7-563D08CBC7A1}.Release|Any CPU.ActiveCfg = Release|Any CPU
		{5090AF3E-2679-401E-BBD7-563D08CBC7A1}.Release|Any CPU.Build.0 = Release|Any CPU
		{F0377998-5B4E-4BA6-B5E1-0E4E173FC330}.Debug|Any CPU.ActiveCfg = Debug|Any CPU
		{F0377998-5B4E-4BA6-B5E1-0E4E173FC330}.Debug|Any CPU.Build.0 = Debug|Any CPU
		{F0377998-5B4E-4BA6-B5E1-0E4E173FC330}.Release|Any CPU.ActiveCfg = Release|Any CPU
		{F0377998-5B4E-4BA6-B5E1-0E4E173FC330}.Release|Any CPU.Build.0 = Release|Any CPU
		{CEDF3E07-7AD7-4B98-B99D-92704CE7908D}.Debug|Any CPU.ActiveCfg = Debug|Any CPU
		{CEDF3E07-7AD7-4B98-B99D-92704CE7908D}.Debug|Any CPU.Build.0 = Debug|Any CPU
		{CEDF3E07-7AD7-4B98-B99D-92704CE7908D}.Release|Any CPU.ActiveCfg = Release|Any CPU
		{CEDF3E07-7AD7-4B98-B99D-92704CE7908D}.Release|Any CPU.Build.0 = Release|Any CPU
		{EAC275B7-4BC9-4585-9ABD-5AEA178B7D11}.Debug|Any CPU.ActiveCfg = Debug|Any CPU
		{EAC275B7-4BC9-4585-9ABD-5AEA178B7D11}.Debug|Any CPU.Build.0 = Debug|Any CPU
		{EAC275B7-4BC9-4585-9ABD-5AEA178B7D11}.Release|Any CPU.ActiveCfg = Release|Any CPU
		{EAC275B7-4BC9-4585-9ABD-5AEA178B7D11}.Release|Any CPU.Build.0 = Release|Any CPU
		{752C38F7-20F4-4133-B253-CCD59F6CBBC0}.Debug|Any CPU.ActiveCfg = Debug|Any CPU
		{752C38F7-20F4-4133-B253-CCD59F6CBBC0}.Debug|Any CPU.Build.0 = Debug|Any CPU
		{752C38F7-20F4-4133-B253-CCD59F6CBBC0}.Release|Any CPU.ActiveCfg = Release|Any CPU
		{752C38F7-20F4-4133-B253-CCD59F6CBBC0}.Release|Any CPU.Build.0 = Release|Any CPU
		{9E3EA366-B21C-48F6-973B-0394D39803C5}.Debug|Any CPU.ActiveCfg = Debug|Any CPU
		{9E3EA366-B21C-48F6-973B-0394D39803C5}.Debug|Any CPU.Build.0 = Debug|Any CPU
		{9E3EA366-B21C-48F6-973B-0394D39803C5}.Release|Any CPU.ActiveCfg = Release|Any CPU
		{9E3EA366-B21C-48F6-973B-0394D39803C5}.Release|Any CPU.Build.0 = Release|Any CPU
		{81344127-9192-4CC3-AE36-4B523DC399F2}.Debug|Any CPU.ActiveCfg = Debug|Any CPU
		{81344127-9192-4CC3-AE36-4B523DC399F2}.Debug|Any CPU.Build.0 = Debug|Any CPU
		{81344127-9192-4CC3-AE36-4B523DC399F2}.Release|Any CPU.ActiveCfg = Release|Any CPU
		{81344127-9192-4CC3-AE36-4B523DC399F2}.Release|Any CPU.Build.0 = Release|Any CPU
		{E29ADB13-0946-41A3-8B12-E40CB65D7146}.Debug|Any CPU.ActiveCfg = Debug|Any CPU
		{E29ADB13-0946-41A3-8B12-E40CB65D7146}.Debug|Any CPU.Build.0 = Debug|Any CPU
		{E29ADB13-0946-41A3-8B12-E40CB65D7146}.Release|Any CPU.ActiveCfg = Release|Any CPU
		{E29ADB13-0946-41A3-8B12-E40CB65D7146}.Release|Any CPU.Build.0 = Release|Any CPU
		{A51219BC-D021-4769-BA61-66667D3CF52B}.Debug|Any CPU.ActiveCfg = Debug|Any CPU
		{A51219BC-D021-4769-BA61-66667D3CF52B}.Debug|Any CPU.Build.0 = Debug|Any CPU
		{A51219BC-D021-4769-BA61-66667D3CF52B}.Release|Any CPU.ActiveCfg = Release|Any CPU
		{A51219BC-D021-4769-BA61-66667D3CF52B}.Release|Any CPU.Build.0 = Release|Any CPU
		{F8AC74E6-4AC1-4DA1-BA9F-B4D09945B7D4}.Debug|Any CPU.ActiveCfg = Debug|Any CPU
		{F8AC74E6-4AC1-4DA1-BA9F-B4D09945B7D4}.Debug|Any CPU.Build.0 = Debug|Any CPU
		{F8AC74E6-4AC1-4DA1-BA9F-B4D09945B7D4}.Release|Any CPU.ActiveCfg = Release|Any CPU
		{F8AC74E6-4AC1-4DA1-BA9F-B4D09945B7D4}.Release|Any CPU.Build.0 = Release|Any CPU
	EndGlobalSection
	GlobalSection(SolutionProperties) = preSolution
		HideSolutionNode = FALSE
	EndGlobalSection
	GlobalSection(NestedProjects) = preSolution
		{20AFB73A-9D21-4260-99B0-32E81DFFDABF} = {F8885763-7FC9-4DF3-806C-01095C717B22}
		{70A887DB-74E9-4FCB-A4AA-C7D20BDC7023} = {F8885763-7FC9-4DF3-806C-01095C717B22}
		{68494C42-9C93-4A88-8EE0-650BE78D1149} = {70A887DB-74E9-4FCB-A4AA-C7D20BDC7023}
		{DD05FBF6-B30A-49EC-B93D-0212989596F1} = {20AFB73A-9D21-4260-99B0-32E81DFFDABF}
		{5090AF3E-2679-401E-BBD7-563D08CBC7A1} = {2231D74E-EED0-48A5-8355-5DF47D1F31E3}
		{E4D9A0B9-ED35-4E07-B0AE-D413309D9020} = {F8885763-7FC9-4DF3-806C-01095C717B22}
		{CEDF3E07-7AD7-4B98-B99D-92704CE7908D} = {E4D9A0B9-ED35-4E07-B0AE-D413309D9020}
		{616D92D1-AB0A-4DA8-9D76-1EDC721CF118} = {F8885763-7FC9-4DF3-806C-01095C717B22}
		{EAC275B7-4BC9-4585-9ABD-5AEA178B7D11} = {616D92D1-AB0A-4DA8-9D76-1EDC721CF118}
		{752C38F7-20F4-4133-B253-CCD59F6CBBC0} = {616D92D1-AB0A-4DA8-9D76-1EDC721CF118}
		{9E3EA366-B21C-48F6-973B-0394D39803C5} = {616D92D1-AB0A-4DA8-9D76-1EDC721CF118}
		{81344127-9192-4CC3-AE36-4B523DC399F2} = {616D92D1-AB0A-4DA8-9D76-1EDC721CF118}
		{E29ADB13-0946-41A3-8B12-E40CB65D7146} = {2231D74E-EED0-48A5-8355-5DF47D1F31E3}
		{A51219BC-D021-4769-BA61-66667D3CF52B} = {40C8B6A8-32B3-4D32-91D0-0C3732A16ACE}
		{F8AC74E6-4AC1-4DA1-BA9F-B4D09945B7D4} = {71AB3B6D-A5EC-457F-B500-841F5649A12C}
	EndGlobalSection
	GlobalSection(ExtensibilityGlobals) = postSolution
		SolutionGuid = {375F62D8-3D50-4539-9848-4434C77F2EF3}
	EndGlobalSection
EndGlobal
